
Microsoft Visual Studio Solution File, Format Version 12.00
# Visual Studio Version 16
VisualStudioVersion = 16.0.29806.167
MinimumVisualStudioVersion = 10.0.40219.1
Project("{9A19103F-16F7-4668-BE54-9A1E7A4F7556}") = "Entities", "Entities\Entities.csproj", "{D7ADAAA3-DDA1-4F96-90A5-8FB6A7E1B898}"
EndProject
Project("{9A19103F-16F7-4668-BE54-9A1E7A4F7556}") = "DataAccess", "DataAccess\DataAccess.csproj", "{7CFA446A-E792-4FB2-BF74-43EA79CA5980}"
EndProject
Project("{9A19103F-16F7-4668-BE54-9A1E7A4F7556}") = "Business", "Business\Business.csproj", "{529A5ED5-D102-456C-8B54-CD00DEAA8375}"
EndProject
Project("{9A19103F-16F7-4668-BE54-9A1E7A4F7556}") = "ConsoleUI", "ConsoleUI\ConsoleUI.csproj", "{167DCA01-6837-4991-AA32-97FDCC9FE70E}"
EndProject
Project("{9A19103F-16F7-4668-BE54-9A1E7A4F7556}") = "Core", "Core\Core.csproj", "{AD302CCA-1A8C-4968-A8F4-77550E2D2B06}"
EndProject
Global
	GlobalSection(SolutionConfigurationPlatforms) = preSolution
		Debug|Any CPU = Debug|Any CPU
		Release|Any CPU = Release|Any CPU
	EndGlobalSection
	GlobalSection(ProjectConfigurationPlatforms) = postSolution
		{D7ADAAA3-DDA1-4F96-90A5-8FB6A7E1B898}.Debug|Any CPU.ActiveCfg = Debug|Any CPU
		{D7ADAAA3-DDA1-4F96-90A5-8FB6A7E1B898}.Debug|Any CPU.Build.0 = Debug|Any CPU
		{D7ADAAA3-DDA1-4F96-90A5-8FB6A7E1B898}.Release|Any CPU.ActiveCfg = Release|Any CPU
		{D7ADAAA3-DDA1-4F96-90A5-8FB6A7E1B898}.Release|Any CPU.Build.0 = Release|Any CPU
		{7CFA446A-E792-4FB2-BF74-43EA79CA5980}.Debug|Any CPU.ActiveCfg = Debug|Any CPU
		{7CFA446A-E792-4FB2-BF74-43EA79CA5980}.Debug|Any CPU.Build.0 = Debug|Any CPU
		{7CFA446A-E792-4FB2-BF74-43EA79CA5980}.Release|Any CPU.ActiveCfg = Release|Any CPU
		{7CFA446A-E792-4FB2-BF74-43EA79CA5980}.Release|Any CPU.Build.0 = Release|Any CPU
		{529A5ED5-D102-456C-8B54-CD00DEAA8375}.Debug|Any CPU.ActiveCfg = Debug|Any CPU
		{529A5ED5-D102-456C-8B54-CD00DEAA8375}.Debug|Any CPU.Build.0 = Debug|Any CPU
		{529A5ED5-D102-456C-8B54-CD00DEAA8375}.Release|Any CPU.ActiveCfg = Release|Any CPU
		{529A5ED5-D102-456C-8B54-CD00DEAA8375}.Release|Any CPU.Build.0 = Release|Any CPU
		{167DCA01-6837-4991-AA32-97FDCC9FE70E}.Debug|Any CPU.ActiveCfg = Debug|Any CPU
		{167DCA01-6837-4991-AA32-97FDCC9FE70E}.Debug|Any CPU.Build.0 = Debug|Any CPU
		{167DCA01-6837-4991-AA32-97FDCC9FE70E}.Release|Any CPU.ActiveCfg = Release|Any CPU
		{167DCA01-6837-4991-AA32-97FDCC9FE70E}.Release|Any CPU.Build.0 = Release|Any CPU
		{AD302CCA-1A8C-4968-A8F4-77550E2D2B06}.Debug|Any CPU.ActiveCfg = Debug|Any CPU
		{AD302CCA-1A8C-4968-A8F4-77550E2D2B06}.Debug|Any CPU.Build.0 = Debug|Any CPU
		{AD302CCA-1A8C-4968-A8F4-77550E2D2B06}.Release|Any CPU.ActiveCfg = Release|Any CPU
		{AD302CCA-1A8C-4968-A8F4-77550E2D2B06}.Release|Any CPU.Build.0 = Release|Any CPU
	EndGlobalSection
	GlobalSection(SolutionProperties) = preSolution
		HideSolutionNode = FALSE
	EndGlobalSection
	GlobalSection(ExtensibilityGlobals) = postSolution
		SolutionGuid = {9523324B-3F1A-43AF-9022-1455B978D3A1}
	EndGlobalSection
EndGlobal
